
Microsoft Visual Studio Solution File, Format Version 12.00
# Visual Studio 15
VisualStudioVersion = 15.0.28307.572
MinimumVisualStudioVersion = 10.0.40219.1
Project("{2150E333-8FDC-42A3-9474-1A3956D46DE8}") = "Solution Items", "Solution Items", "{7FF2D7D2-56B8-497E-AF8A-801389F8EC53}"
	ProjectSection(SolutionItems) = preProject
		.editorconfig = .editorconfig
		.gitignore = .gitignore
		Directory.Build.props = Directory.Build.props
		LICENSE = LICENSE
	EndProjectSection
EndProject
Project("{FAE04EC0-301F-11D3-BF4B-00C04F79EFBC}") = "Inasync.Signing", "src\Inasync.Signing\Inasync.Signing.csproj", "{E92EE577-0E4E-4241-A5E4-BF5AA3669226}"
EndProject
Global
	GlobalSection(SolutionConfigurationPlatforms) = preSolution
		Debug|Any CPU = Debug|Any CPU
		Release|Any CPU = Release|Any CPU
	EndGlobalSection
	GlobalSection(ProjectConfigurationPlatforms) = postSolution
		{E92EE577-0E4E-4241-A5E4-BF5AA3669226}.Debug|Any CPU.ActiveCfg = Debug|Any CPU
		{E92EE577-0E4E-4241-A5E4-BF5AA3669226}.Debug|Any CPU.Build.0 = Debug|Any CPU
		{E92EE577-0E4E-4241-A5E4-BF5AA3669226}.Release|Any CPU.ActiveCfg = Release|Any CPU
		{E92EE577-0E4E-4241-A5E4-BF5AA3669226}.Release|Any CPU.Build.0 = Release|Any CPU
	EndGlobalSection
	GlobalSection(SolutionProperties) = preSolution
		HideSolutionNode = FALSE
	EndGlobalSection
	GlobalSection(ExtensibilityGlobals) = postSolution
		SolutionGuid = {2CEC026A-54C0-4BAA-981E-D1DEBD2963A3}
	EndGlobalSection
EndGlobal
